
Microsoft Visual Studio Solution File, Format Version 12.00
# Visual Studio 2012
Project("{FAE04EC0-301F-11D3-BF4B-00C04F79EFBC}") = "KeyGeneratorApp", "KeyGeneratorApp\KeyGeneratorApp.csproj", "{3679CBF9-2D04-4046-8937-C6943D4B0ACA}"
EndProject
Global
	GlobalSection(SolutionConfigurationPlatforms) = preSolution
		Debug|Any CPU = Debug|Any CPU
		Release|Any CPU = Release|Any CPU
	EndGlobalSection
	GlobalSection(ProjectConfigurationPlatforms) = postSolution
		{3679CBF9-2D04-4046-8937-C6943D4B0ACA}.Debug|Any CPU.ActiveCfg = Debug|Any CPU
		{3679CBF9-2D04-4046-8937-C6943D4B0ACA}.Debug|Any CPU.Build.0 = Debug|Any CPU
		{3679CBF9-2D04-4046-8937-C6943D4B0ACA}.Release|Any CPU.ActiveCfg = Release|Any CPU
		{3679CBF9-2D04-4046-8937-C6943D4B0ACA}.Release|Any CPU.Build.0 = Release|Any CPU
	EndGlobalSection
	GlobalSection(SolutionProperties) = preSolution
		HideSolutionNode = FALSE
	EndGlobalSection
EndGlobal
